
Microsoft Visual Studio Solution File, Format Version 12.00
# Visual Studio Version 17
VisualStudioVersion = 17.6.33815.320
MinimumVisualStudioVersion = 10.0.40219.1
Project("{FAE04EC0-301F-11D3-BF4B-00C04F79EFBC}") = "SRP", "SRP\SRP.csproj", "{8D16C2F0-EB1E-43CA-99A8-E62F210DEFF2}"
EndProject
Global
	GlobalSection(SolutionConfigurationPlatforms) = preSolution
		Debug|Any CPU = Debug|Any CPU
		Release|Any CPU = Release|Any CPU
	EndGlobalSection
	GlobalSection(ProjectConfigurationPlatforms) = postSolution
		{8D16C2F0-EB1E-43CA-99A8-E62F210DEFF2}.Debug|Any CPU.ActiveCfg = Debug|Any CPU
		{8D16C2F0-EB1E-43CA-99A8-E62F210DEFF2}.Debug|Any CPU.Build.0 = Debug|Any CPU
		{8D16C2F0-EB1E-43CA-99A8-E62F210DEFF2}.Release|Any CPU.ActiveCfg = Release|Any CPU
		{8D16C2F0-EB1E-43CA-99A8-E62F210DEFF2}.Release|Any CPU.Build.0 = Release|Any CPU
	EndGlobalSection
	GlobalSection(SolutionProperties) = preSolution
		HideSolutionNode = FALSE
	EndGlobalSection
	GlobalSection(ExtensibilityGlobals) = postSolution
		SolutionGuid = {024DB2CD-2622-4FBD-A145-517AA0BBF6D0}
	EndGlobalSection
EndGlobal
