
Microsoft Visual Studio Solution File, Format Version 12.00
# Visual Studio Version 17
VisualStudioVersion = 17.6.33815.320
MinimumVisualStudioVersion = 10.0.40219.1
Project("{9A19103F-16F7-4668-BE54-9A1E7A4F7556}") = "PartialClass", "PartialClass\PartialClass.csproj", "{4C948B4C-BC2D-4192-9DCD-4C64D96FAA8E}"
EndProject
Project("{9A19103F-16F7-4668-BE54-9A1E7A4F7556}") = "Static", "Static\Static.csproj", "{FD9ACF23-C7AE-477F-8ED3-88D255C13A8B}"
EndProject
Project("{9A19103F-16F7-4668-BE54-9A1E7A4F7556}") = "Generics", "Generics\Generics.csproj", "{FD2D828D-A8E1-4543-BFC3-0C6358A1FDC2}"
EndProject
Project("{FAE04EC0-301F-11D3-BF4B-00C04F79EFBC}") = "Method Overloading", "Method Overloading\Method Overloading.csproj", "{5B7541DC-DF0F-4B2B-8F8A-782F24F014BE}"
EndProject
Global
	GlobalSection(SolutionConfigurationPlatforms) = preSolution
		Debug|Any CPU = Debug|Any CPU
		Release|Any CPU = Release|Any CPU
	EndGlobalSection
	GlobalSection(ProjectConfigurationPlatforms) = postSolution
		{4C948B4C-BC2D-4192-9DCD-4C64D96FAA8E}.Debug|Any CPU.ActiveCfg = Debug|Any CPU
		{4C948B4C-BC2D-4192-9DCD-4C64D96FAA8E}.Debug|Any CPU.Build.0 = Debug|Any CPU
		{4C948B4C-BC2D-4192-9DCD-4C64D96FAA8E}.Release|Any CPU.ActiveCfg = Release|Any CPU
		{4C948B4C-BC2D-4192-9DCD-4C64D96FAA8E}.Release|Any CPU.Build.0 = Release|Any CPU
		{FD9ACF23-C7AE-477F-8ED3-88D255C13A8B}.Debug|Any CPU.ActiveCfg = Debug|Any CPU
		{FD9ACF23-C7AE-477F-8ED3-88D255C13A8B}.Debug|Any CPU.Build.0 = Debug|Any CPU
		{FD9ACF23-C7AE-477F-8ED3-88D255C13A8B}.Release|Any CPU.ActiveCfg = Release|Any CPU
		{FD9ACF23-C7AE-477F-8ED3-88D255C13A8B}.Release|Any CPU.Build.0 = Release|Any CPU
		{FD2D828D-A8E1-4543-BFC3-0C6358A1FDC2}.Debug|Any CPU.ActiveCfg = Debug|Any CPU
		{FD2D828D-A8E1-4543-BFC3-0C6358A1FDC2}.Debug|Any CPU.Build.0 = Debug|Any CPU
		{FD2D828D-A8E1-4543-BFC3-0C6358A1FDC2}.Release|Any CPU.ActiveCfg = Release|Any CPU
		{FD2D828D-A8E1-4543-BFC3-0C6358A1FDC2}.Release|Any CPU.Build.0 = Release|Any CPU
		{5B7541DC-DF0F-4B2B-8F8A-782F24F014BE}.Debug|Any CPU.ActiveCfg = Debug|Any CPU
		{5B7541DC-DF0F-4B2B-8F8A-782F24F014BE}.Debug|Any CPU.Build.0 = Debug|Any CPU
		{5B7541DC-DF0F-4B2B-8F8A-782F24F014BE}.Release|Any CPU.ActiveCfg = Release|Any CPU
		{5B7541DC-DF0F-4B2B-8F8A-782F24F014BE}.Release|Any CPU.Build.0 = Release|Any CPU
	EndGlobalSection
	GlobalSection(SolutionProperties) = preSolution
		HideSolutionNode = FALSE
	EndGlobalSection
	GlobalSection(ExtensibilityGlobals) = postSolution
		SolutionGuid = {4893CE0B-A8D2-44CF-81D2-2E59E3884E0B}
	EndGlobalSection
EndGlobal
