
Microsoft Visual Studio Solution File, Format Version 12.00
# Visual Studio Version 17
VisualStudioVersion = 17.5.002.0
MinimumVisualStudioVersion = 10.0.40219.1
Project("{9A19103F-16F7-4668-BE54-9A1E7A4F7556}") = "ViewComponentSample", "ViewComponentSample.csproj", "{F13AE835-E879-4545-B645-9E6195ACD52D}"
EndProject
Global
	GlobalSection(SolutionConfigurationPlatforms) = preSolution
		Debug|Any CPU = Debug|Any CPU
		Release|Any CPU = Release|Any CPU
	EndGlobalSection
	GlobalSection(ProjectConfigurationPlatforms) = postSolution
		{F13AE835-E879-4545-B645-9E6195ACD52D}.Debug|Any CPU.ActiveCfg = Debug|Any CPU
		{F13AE835-E879-4545-B645-9E6195ACD52D}.Debug|Any CPU.Build.0 = Debug|Any CPU
		{F13AE835-E879-4545-B645-9E6195ACD52D}.Release|Any CPU.ActiveCfg = Release|Any CPU
		{F13AE835-E879-4545-B645-9E6195ACD52D}.Release|Any CPU.Build.0 = Release|Any CPU
	EndGlobalSection
	GlobalSection(SolutionProperties) = preSolution
		HideSolutionNode = FALSE
	EndGlobalSection
	GlobalSection(ExtensibilityGlobals) = postSolution
		SolutionGuid = {C1AB14CE-DE63-454E-A802-7DA2B73F9513}
	EndGlobalSection
EndGlobal
