
Microsoft Visual Studio Solution File, Format Version 12.00
# Visual Studio Version 17
VisualStudioVersion = 17.6.33815.320
MinimumVisualStudioVersion = 10.0.40219.1
Project("{FAE04EC0-301F-11D3-BF4B-00C04F79EFBC}") = "program-structure", "program-structure\program-structure.csproj", "{994819F7-F155-44A6-A6D6-E4E2FDF237D2}"
EndProject
Project("{FAE04EC0-301F-11D3-BF4B-00C04F79EFBC}") = "namespaces", "namespaces\namespaces.csproj", "{1A7704A1-6A00-4399-9CC9-10892AB87EFB}"
EndProject
Project("{FAE04EC0-301F-11D3-BF4B-00C04F79EFBC}") = "classes", "classes\classes.csproj", "{63C6EAFE-2487-45B8-A08A-7ECEE9F5E189}"
EndProject
Project("{FAE04EC0-301F-11D3-BF4B-00C04F79EFBC}") = "records", "Records\records.csproj", "{A9773FC2-1636-46A1-BB27-BA9322C03506}"
EndProject
Global
	GlobalSection(SolutionConfigurationPlatforms) = preSolution
		Debug|Any CPU = Debug|Any CPU
		Release|Any CPU = Release|Any CPU
	EndGlobalSection
	GlobalSection(ProjectConfigurationPlatforms) = postSolution
		{994819F7-F155-44A6-A6D6-E4E2FDF237D2}.Debug|Any CPU.ActiveCfg = Debug|Any CPU
		{994819F7-F155-44A6-A6D6-E4E2FDF237D2}.Debug|Any CPU.Build.0 = Debug|Any CPU
		{994819F7-F155-44A6-A6D6-E4E2FDF237D2}.Release|Any CPU.ActiveCfg = Release|Any CPU
		{994819F7-F155-44A6-A6D6-E4E2FDF237D2}.Release|Any CPU.Build.0 = Release|Any CPU
		{1A7704A1-6A00-4399-9CC9-10892AB87EFB}.Debug|Any CPU.ActiveCfg = Debug|Any CPU
		{1A7704A1-6A00-4399-9CC9-10892AB87EFB}.Debug|Any CPU.Build.0 = Debug|Any CPU
		{1A7704A1-6A00-4399-9CC9-10892AB87EFB}.Release|Any CPU.ActiveCfg = Release|Any CPU
		{1A7704A1-6A00-4399-9CC9-10892AB87EFB}.Release|Any CPU.Build.0 = Release|Any CPU
		{63C6EAFE-2487-45B8-A08A-7ECEE9F5E189}.Debug|Any CPU.ActiveCfg = Debug|Any CPU
		{63C6EAFE-2487-45B8-A08A-7ECEE9F5E189}.Debug|Any CPU.Build.0 = Debug|Any CPU
		{63C6EAFE-2487-45B8-A08A-7ECEE9F5E189}.Release|Any CPU.ActiveCfg = Release|Any CPU
		{63C6EAFE-2487-45B8-A08A-7ECEE9F5E189}.Release|Any CPU.Build.0 = Release|Any CPU
		{A9773FC2-1636-46A1-BB27-BA9322C03506}.Debug|Any CPU.ActiveCfg = Debug|Any CPU
		{A9773FC2-1636-46A1-BB27-BA9322C03506}.Debug|Any CPU.Build.0 = Debug|Any CPU
		{A9773FC2-1636-46A1-BB27-BA9322C03506}.Release|Any CPU.ActiveCfg = Release|Any CPU
		{A9773FC2-1636-46A1-BB27-BA9322C03506}.Release|Any CPU.Build.0 = Release|Any CPU
	EndGlobalSection
	GlobalSection(SolutionProperties) = preSolution
		HideSolutionNode = FALSE
	EndGlobalSection
	GlobalSection(ExtensibilityGlobals) = postSolution
		SolutionGuid = {A5DD22E5-C538-44AE-9B89-0F77C8ACBC2D}
	EndGlobalSection
EndGlobal
