
Microsoft Visual Studio Solution File, Format Version 12.00
# Visual Studio Version 17
VisualStudioVersion = 17.6.33815.320
MinimumVisualStudioVersion = 10.0.40219.1
Project("{9A19103F-16F7-4668-BE54-9A1E7A4F7556}") = "program-structure", "program-structure\program-structure.csproj", "{994819F7-F155-44A6-A6D6-E4E2FDF237D2}"
EndProject
Project("{9A19103F-16F7-4668-BE54-9A1E7A4F7556}") = "namespaces", "namespaces\namespaces.csproj", "{1A7704A1-6A00-4399-9CC9-10892AB87EFB}"
EndProject
Project("{9A19103F-16F7-4668-BE54-9A1E7A4F7556}") = "classes", "classes\classes.csproj", "{63C6EAFE-2487-45B8-A08A-7ECEE9F5E189}"
EndProject
Project("{9A19103F-16F7-4668-BE54-9A1E7A4F7556}") = "records", "Records\records.csproj", "{A9773FC2-1636-46A1-BB27-BA9322C03506}"
EndProject
Project("{9A19103F-16F7-4668-BE54-9A1E7A4F7556}") = "interfaces", "interfaces\interfaces.csproj", "{6D3A5412-8C87-4051-891D-11A29AE2A65F}"
EndProject
Project("{9A19103F-16F7-4668-BE54-9A1E7A4F7556}") = "generics", "generics\generics.csproj", "{0A1BDADD-B21B-4D50-ADEE-108732AC225E}"
EndProject
Project("{FAE04EC0-301F-11D3-BF4B-00C04F79EFBC}") = "anonymous-types", "anonymous-types\anonymous-types.csproj", "{58CA1A20-1686-406F-A80F-6684FF8D8D25}"
EndProject
Global
	GlobalSection(SolutionConfigurationPlatforms) = preSolution
		Debug|Any CPU = Debug|Any CPU
		Release|Any CPU = Release|Any CPU
	EndGlobalSection
	GlobalSection(ProjectConfigurationPlatforms) = postSolution
		{994819F7-F155-44A6-A6D6-E4E2FDF237D2}.Debug|Any CPU.ActiveCfg = Debug|Any CPU
		{994819F7-F155-44A6-A6D6-E4E2FDF237D2}.Debug|Any CPU.Build.0 = Debug|Any CPU
		{994819F7-F155-44A6-A6D6-E4E2FDF237D2}.Release|Any CPU.ActiveCfg = Release|Any CPU
		{994819F7-F155-44A6-A6D6-E4E2FDF237D2}.Release|Any CPU.Build.0 = Release|Any CPU
		{1A7704A1-6A00-4399-9CC9-10892AB87EFB}.Debug|Any CPU.ActiveCfg = Debug|Any CPU
		{1A7704A1-6A00-4399-9CC9-10892AB87EFB}.Debug|Any CPU.Build.0 = Debug|Any CPU
		{1A7704A1-6A00-4399-9CC9-10892AB87EFB}.Release|Any CPU.ActiveCfg = Release|Any CPU
		{1A7704A1-6A00-4399-9CC9-10892AB87EFB}.Release|Any CPU.Build.0 = Release|Any CPU
		{63C6EAFE-2487-45B8-A08A-7ECEE9F5E189}.Debug|Any CPU.ActiveCfg = Debug|Any CPU
		{63C6EAFE-2487-45B8-A08A-7ECEE9F5E189}.Debug|Any CPU.Build.0 = Debug|Any CPU
		{63C6EAFE-2487-45B8-A08A-7ECEE9F5E189}.Release|Any CPU.ActiveCfg = Release|Any CPU
		{63C6EAFE-2487-45B8-A08A-7ECEE9F5E189}.Release|Any CPU.Build.0 = Release|Any CPU
		{A9773FC2-1636-46A1-BB27-BA9322C03506}.Debug|Any CPU.ActiveCfg = Debug|Any CPU
		{A9773FC2-1636-46A1-BB27-BA9322C03506}.Debug|Any CPU.Build.0 = Debug|Any CPU
		{A9773FC2-1636-46A1-BB27-BA9322C03506}.Release|Any CPU.ActiveCfg = Release|Any CPU
		{A9773FC2-1636-46A1-BB27-BA9322C03506}.Release|Any CPU.Build.0 = Release|Any CPU
		{6D3A5412-8C87-4051-891D-11A29AE2A65F}.Debug|Any CPU.ActiveCfg = Debug|Any CPU
		{6D3A5412-8C87-4051-891D-11A29AE2A65F}.Debug|Any CPU.Build.0 = Debug|Any CPU
		{6D3A5412-8C87-4051-891D-11A29AE2A65F}.Release|Any CPU.ActiveCfg = Release|Any CPU
		{6D3A5412-8C87-4051-891D-11A29AE2A65F}.Release|Any CPU.Build.0 = Release|Any CPU
		{0A1BDADD-B21B-4D50-ADEE-108732AC225E}.Debug|Any CPU.ActiveCfg = Debug|Any CPU
		{0A1BDADD-B21B-4D50-ADEE-108732AC225E}.Debug|Any CPU.Build.0 = Debug|Any CPU
		{0A1BDADD-B21B-4D50-ADEE-108732AC225E}.Release|Any CPU.ActiveCfg = Release|Any CPU
		{0A1BDADD-B21B-4D50-ADEE-108732AC225E}.Release|Any CPU.Build.0 = Release|Any CPU
		{58CA1A20-1686-406F-A80F-6684FF8D8D25}.Debug|Any CPU.ActiveCfg = Debug|Any CPU
		{58CA1A20-1686-406F-A80F-6684FF8D8D25}.Debug|Any CPU.Build.0 = Debug|Any CPU
		{58CA1A20-1686-406F-A80F-6684FF8D8D25}.Release|Any CPU.ActiveCfg = Release|Any CPU
		{58CA1A20-1686-406F-A80F-6684FF8D8D25}.Release|Any CPU.Build.0 = Release|Any CPU
	EndGlobalSection
	GlobalSection(SolutionProperties) = preSolution
		HideSolutionNode = FALSE
	EndGlobalSection
	GlobalSection(ExtensibilityGlobals) = postSolution
		SolutionGuid = {A5DD22E5-C538-44AE-9B89-0F77C8ACBC2D}
	EndGlobalSection
EndGlobal
