
Microsoft Visual Studio Solution File, Format Version 12.00
# Visual Studio Version 17
VisualStudioVersion = 17.6.33815.320
MinimumVisualStudioVersion = 10.0.40219.1
Project("{FAE04EC0-301F-11D3-BF4B-00C04F79EFBC}") = "c#-array", "c#-array\c#-array.csproj", "{21D46BF2-5995-4361-A4AF-C925C5AA026C}"
EndProject
Project("{FAE04EC0-301F-11D3-BF4B-00C04F79EFBC}") = "multidimensional-arrays", "multidimensional-arrays\multidimensional-arrays.csproj", "{83869721-75B3-4690-93DC-98C4CEB6FA39}"
EndProject
Global
	GlobalSection(SolutionConfigurationPlatforms) = preSolution
		Debug|Any CPU = Debug|Any CPU
		Release|Any CPU = Release|Any CPU
	EndGlobalSection
	GlobalSection(ProjectConfigurationPlatforms) = postSolution
		{21D46BF2-5995-4361-A4AF-C925C5AA026C}.Debug|Any CPU.ActiveCfg = Debug|Any CPU
		{21D46BF2-5995-4361-A4AF-C925C5AA026C}.Debug|Any CPU.Build.0 = Debug|Any CPU
		{21D46BF2-5995-4361-A4AF-C925C5AA026C}.Release|Any CPU.ActiveCfg = Release|Any CPU
		{21D46BF2-5995-4361-A4AF-C925C5AA026C}.Release|Any CPU.Build.0 = Release|Any CPU
		{83869721-75B3-4690-93DC-98C4CEB6FA39}.Debug|Any CPU.ActiveCfg = Debug|Any CPU
		{83869721-75B3-4690-93DC-98C4CEB6FA39}.Debug|Any CPU.Build.0 = Debug|Any CPU
		{83869721-75B3-4690-93DC-98C4CEB6FA39}.Release|Any CPU.ActiveCfg = Release|Any CPU
		{83869721-75B3-4690-93DC-98C4CEB6FA39}.Release|Any CPU.Build.0 = Release|Any CPU
	EndGlobalSection
	GlobalSection(SolutionProperties) = preSolution
		HideSolutionNode = FALSE
	EndGlobalSection
	GlobalSection(ExtensibilityGlobals) = postSolution
		SolutionGuid = {C6A2E13B-0006-4FC2-BA6E-444831A99303}
	EndGlobalSection
EndGlobal
